
Microsoft Visual Studio Solution File, Format Version 12.00
# Visual Studio Version 17
VisualStudioVersion = 17.0.31903.59
MinimumVisualStudioVersion = 10.0.40219.1
Project("{2150E333-8FDC-42A3-9474-1A3956D46DE8}") = "src", "src", "{827E0CD3-B72D-47B6-A68D-7590B98EB39B}"
EndProject
Project("{2150E333-8FDC-42A3-9474-1A3956D46DE8}") = "NotificationService", "NotificationService", "{9ED238A0-938C-9A3F-DDEA-9079E74DEC51}"
EndProject
Project("{FAE04EC0-301F-11D3-BF4B-00C04F79EFBC}") = "NotificationService.Api", "src\NotificationService\NotificationService.Api\NotificationService.Api.csproj", "{21FEDF09-33F8-4F39-94ED-B31EAAFD1C35}"
EndProject
Project("{FAE04EC0-301F-11D3-BF4B-00C04F79EFBC}") = "NotificationService.Domain", "src\NotificationService\NotificationService.Domain\NotificationService.Domain.csproj", "{A6DDB72C-58AD-4C77-B977-2C97C06CD4BE}"
EndProject
Project("{FAE04EC0-301F-11D3-BF4B-00C04F79EFBC}") = "NotificationService.Application", "src\NotificationService\NotificationService.Application\NotificationService.Application.csproj", "{B63F620D-D3E6-4174-8238-06452FF7F15C}"
EndProject
Project("{FAE04EC0-301F-11D3-BF4B-00C04F79EFBC}") = "NotificationService.Infrastructure", "src\NotificationService\NotificationService.Infrastructure\NotificationService.Infrastructure.csproj", "{1DA7C383-1691-4AB6-9B1E-1AC10B18056A}"
Project("{2150E333-8FDC-42A3-9474-1A3956D46DE8}") = "Domain", "Domain", "{8B290487-4C16-E85E-E807-F579CBE9FC4D}"
EndProject
Project("{FAE04EC0-301F-11D3-BF4B-00C04F79EFBC}") = "VisionFlow.Domain", "src\Domain\VisionFlow.Domain\VisionFlow.Domain.csproj", "{CAF99DA5-844B-41B2-A7EF-326FE241BBD4}"
EndProject
Project("{2150E333-8FDC-42A3-9474-1A3956D46DE8}") = "Application", "Application", "{22BAF98C-8415-17C4-B26A-D537657BC863}"
EndProject
Project("{FAE04EC0-301F-11D3-BF4B-00C04F79EFBC}") = "VisionFlow.Application", "src\Application\VisionFlow.Application\VisionFlow.Application.csproj", "{52A9D0B6-C870-4C46-988F-083235A2D35A}"
EndProject
Project("{2150E333-8FDC-42A3-9474-1A3956D46DE8}") = "Infrastructure", "Infrastructure", "{9048EB7F-3875-A59E-E36B-5BD4C6F2A282}"
EndProject
Project("{FAE04EC0-301F-11D3-BF4B-00C04F79EFBC}") = "VisionFlow.Infrastructure", "src\Infrastructure\VisionFlow.Infrastructure\VisionFlow.Infrastructure.csproj", "{C9AA3E5C-D2F6-4956-86A8-04B434F70252}"
EndProject
Project("{2150E333-8FDC-42A3-9474-1A3956D46DE8}") = "IngestionApi", "IngestionApi", "{48FE8D8C-CB1D-E0AC-1871-64C1BA175A04}"
EndProject
Project("{FAE04EC0-301F-11D3-BF4B-00C04F79EFBC}") = "VisionFlow.IngestionApi", "src\IngestionApi\VisionFlow.IngestionApi\VisionFlow.IngestionApi.csproj", "{FC961412-A10C-4A77-BA31-E8C03BC77239}"
EndProject
Global
	GlobalSection(SolutionConfigurationPlatforms) = preSolution
		Debug|Any CPU = Debug|Any CPU
		Debug|x64 = Debug|x64
		Debug|x86 = Debug|x86
		Release|Any CPU = Release|Any CPU
		Release|x64 = Release|x64
		Release|x86 = Release|x86
	EndGlobalSection
	GlobalSection(ProjectConfigurationPlatforms) = postSolution
		{21FEDF09-33F8-4F39-94ED-B31EAAFD1C35}.Debug|Any CPU.ActiveCfg = Debug|Any CPU
		{21FEDF09-33F8-4F39-94ED-B31EAAFD1C35}.Debug|Any CPU.Build.0 = Debug|Any CPU
		{21FEDF09-33F8-4F39-94ED-B31EAAFD1C35}.Debug|x64.ActiveCfg = Debug|Any CPU
		{21FEDF09-33F8-4F39-94ED-B31EAAFD1C35}.Debug|x64.Build.0 = Debug|Any CPU
		{21FEDF09-33F8-4F39-94ED-B31EAAFD1C35}.Debug|x86.ActiveCfg = Debug|Any CPU
		{21FEDF09-33F8-4F39-94ED-B31EAAFD1C35}.Debug|x86.Build.0 = Debug|Any CPU
		{21FEDF09-33F8-4F39-94ED-B31EAAFD1C35}.Release|Any CPU.ActiveCfg = Release|Any CPU
		{21FEDF09-33F8-4F39-94ED-B31EAAFD1C35}.Release|Any CPU.Build.0 = Release|Any CPU
		{21FEDF09-33F8-4F39-94ED-B31EAAFD1C35}.Release|x64.ActiveCfg = Release|Any CPU
		{21FEDF09-33F8-4F39-94ED-B31EAAFD1C35}.Release|x64.Build.0 = Release|Any CPU
		{21FEDF09-33F8-4F39-94ED-B31EAAFD1C35}.Release|x86.ActiveCfg = Release|Any CPU
		{21FEDF09-33F8-4F39-94ED-B31EAAFD1C35}.Release|x86.Build.0 = Release|Any CPU
		{A6DDB72C-58AD-4C77-B977-2C97C06CD4BE}.Debug|Any CPU.ActiveCfg = Debug|Any CPU
		{A6DDB72C-58AD-4C77-B977-2C97C06CD4BE}.Debug|Any CPU.Build.0 = Debug|Any CPU
		{A6DDB72C-58AD-4C77-B977-2C97C06CD4BE}.Debug|x64.ActiveCfg = Debug|Any CPU
		{A6DDB72C-58AD-4C77-B977-2C97C06CD4BE}.Debug|x64.Build.0 = Debug|Any CPU
		{A6DDB72C-58AD-4C77-B977-2C97C06CD4BE}.Debug|x86.ActiveCfg = Debug|Any CPU
		{A6DDB72C-58AD-4C77-B977-2C97C06CD4BE}.Debug|x86.Build.0 = Debug|Any CPU
		{A6DDB72C-58AD-4C77-B977-2C97C06CD4BE}.Release|Any CPU.ActiveCfg = Release|Any CPU
		{A6DDB72C-58AD-4C77-B977-2C97C06CD4BE}.Release|Any CPU.Build.0 = Release|Any CPU
		{A6DDB72C-58AD-4C77-B977-2C97C06CD4BE}.Release|x64.ActiveCfg = Release|Any CPU
		{A6DDB72C-58AD-4C77-B977-2C97C06CD4BE}.Release|x64.Build.0 = Release|Any CPU
		{A6DDB72C-58AD-4C77-B977-2C97C06CD4BE}.Release|x86.ActiveCfg = Release|Any CPU
		{A6DDB72C-58AD-4C77-B977-2C97C06CD4BE}.Release|x86.Build.0 = Release|Any CPU
		{B63F620D-D3E6-4174-8238-06452FF7F15C}.Debug|Any CPU.ActiveCfg = Debug|Any CPU
		{B63F620D-D3E6-4174-8238-06452FF7F15C}.Debug|Any CPU.Build.0 = Debug|Any CPU
		{B63F620D-D3E6-4174-8238-06452FF7F15C}.Debug|x64.ActiveCfg = Debug|Any CPU
		{B63F620D-D3E6-4174-8238-06452FF7F15C}.Debug|x64.Build.0 = Debug|Any CPU
		{B63F620D-D3E6-4174-8238-06452FF7F15C}.Debug|x86.ActiveCfg = Debug|Any CPU
		{B63F620D-D3E6-4174-8238-06452FF7F15C}.Debug|x86.Build.0 = Debug|Any CPU
		{B63F620D-D3E6-4174-8238-06452FF7F15C}.Release|Any CPU.ActiveCfg = Release|Any CPU
		{B63F620D-D3E6-4174-8238-06452FF7F15C}.Release|Any CPU.Build.0 = Release|Any CPU
		{B63F620D-D3E6-4174-8238-06452FF7F15C}.Release|x64.ActiveCfg = Release|Any CPU
		{B63F620D-D3E6-4174-8238-06452FF7F15C}.Release|x64.Build.0 = Release|Any CPU
		{B63F620D-D3E6-4174-8238-06452FF7F15C}.Release|x86.ActiveCfg = Release|Any CPU
		{B63F620D-D3E6-4174-8238-06452FF7F15C}.Release|x86.Build.0 = Release|Any CPU
		{1DA7C383-1691-4AB6-9B1E-1AC10B18056A}.Debug|Any CPU.ActiveCfg = Debug|Any CPU
		{1DA7C383-1691-4AB6-9B1E-1AC10B18056A}.Debug|Any CPU.Build.0 = Debug|Any CPU
		{1DA7C383-1691-4AB6-9B1E-1AC10B18056A}.Debug|x64.ActiveCfg = Debug|Any CPU
		{1DA7C383-1691-4AB6-9B1E-1AC10B18056A}.Debug|x64.Build.0 = Debug|Any CPU
		{1DA7C383-1691-4AB6-9B1E-1AC10B18056A}.Debug|x86.ActiveCfg = Debug|Any CPU
		{1DA7C383-1691-4AB6-9B1E-1AC10B18056A}.Debug|x86.Build.0 = Debug|Any CPU
		{1DA7C383-1691-4AB6-9B1E-1AC10B18056A}.Release|Any CPU.ActiveCfg = Release|Any CPU
		{1DA7C383-1691-4AB6-9B1E-1AC10B18056A}.Release|Any CPU.Build.0 = Release|Any CPU
		{1DA7C383-1691-4AB6-9B1E-1AC10B18056A}.Release|x64.ActiveCfg = Release|Any CPU
		{1DA7C383-1691-4AB6-9B1E-1AC10B18056A}.Release|x64.Build.0 = Release|Any CPU
		{1DA7C383-1691-4AB6-9B1E-1AC10B18056A}.Release|x86.ActiveCfg = Release|Any CPU
		{1DA7C383-1691-4AB6-9B1E-1AC10B18056A}.Release|x86.Build.0 = Release|Any CPU
		{CAF99DA5-844B-41B2-A7EF-326FE241BBD4}.Debug|Any CPU.ActiveCfg = Debug|Any CPU
		{CAF99DA5-844B-41B2-A7EF-326FE241BBD4}.Debug|Any CPU.Build.0 = Debug|Any CPU
		{CAF99DA5-844B-41B2-A7EF-326FE241BBD4}.Debug|x64.ActiveCfg = Debug|Any CPU
		{CAF99DA5-844B-41B2-A7EF-326FE241BBD4}.Debug|x64.Build.0 = Debug|Any CPU
		{CAF99DA5-844B-41B2-A7EF-326FE241BBD4}.Debug|x86.ActiveCfg = Debug|Any CPU
		{CAF99DA5-844B-41B2-A7EF-326FE241BBD4}.Debug|x86.Build.0 = Debug|Any CPU
		{CAF99DA5-844B-41B2-A7EF-326FE241BBD4}.Release|Any CPU.ActiveCfg = Release|Any CPU
		{CAF99DA5-844B-41B2-A7EF-326FE241BBD4}.Release|Any CPU.Build.0 = Release|Any CPU
		{CAF99DA5-844B-41B2-A7EF-326FE241BBD4}.Release|x64.ActiveCfg = Release|Any CPU
		{CAF99DA5-844B-41B2-A7EF-326FE241BBD4}.Release|x64.Build.0 = Release|Any CPU
		{CAF99DA5-844B-41B2-A7EF-326FE241BBD4}.Release|x86.ActiveCfg = Release|Any CPU
		{CAF99DA5-844B-41B2-A7EF-326FE241BBD4}.Release|x86.Build.0 = Release|Any CPU
		{52A9D0B6-C870-4C46-988F-083235A2D35A}.Debug|Any CPU.ActiveCfg = Debug|Any CPU
		{52A9D0B6-C870-4C46-988F-083235A2D35A}.Debug|Any CPU.Build.0 = Debug|Any CPU
		{52A9D0B6-C870-4C46-988F-083235A2D35A}.Debug|x64.ActiveCfg = Debug|Any CPU
		{52A9D0B6-C870-4C46-988F-083235A2D35A}.Debug|x64.Build.0 = Debug|Any CPU
		{52A9D0B6-C870-4C46-988F-083235A2D35A}.Debug|x86.ActiveCfg = Debug|Any CPU
		{52A9D0B6-C870-4C46-988F-083235A2D35A}.Debug|x86.Build.0 = Debug|Any CPU
		{52A9D0B6-C870-4C46-988F-083235A2D35A}.Release|Any CPU.ActiveCfg = Release|Any CPU
		{52A9D0B6-C870-4C46-988F-083235A2D35A}.Release|Any CPU.Build.0 = Release|Any CPU
		{52A9D0B6-C870-4C46-988F-083235A2D35A}.Release|x64.ActiveCfg = Release|Any CPU
		{52A9D0B6-C870-4C46-988F-083235A2D35A}.Release|x64.Build.0 = Release|Any CPU
		{52A9D0B6-C870-4C46-988F-083235A2D35A}.Release|x86.ActiveCfg = Release|Any CPU
		{52A9D0B6-C870-4C46-988F-083235A2D35A}.Release|x86.Build.0 = Release|Any CPU
		{C9AA3E5C-D2F6-4956-86A8-04B434F70252}.Debug|Any CPU.ActiveCfg = Debug|Any CPU
		{C9AA3E5C-D2F6-4956-86A8-04B434F70252}.Debug|Any CPU.Build.0 = Debug|Any CPU
		{C9AA3E5C-D2F6-4956-86A8-04B434F70252}.Debug|x64.ActiveCfg = Debug|Any CPU
		{C9AA3E5C-D2F6-4956-86A8-04B434F70252}.Debug|x64.Build.0 = Debug|Any CPU
		{C9AA3E5C-D2F6-4956-86A8-04B434F70252}.Debug|x86.ActiveCfg = Debug|Any CPU
		{C9AA3E5C-D2F6-4956-86A8-04B434F70252}.Debug|x86.Build.0 = Debug|Any CPU
		{C9AA3E5C-D2F6-4956-86A8-04B434F70252}.Release|Any CPU.ActiveCfg = Release|Any CPU
		{C9AA3E5C-D2F6-4956-86A8-04B434F70252}.Release|Any CPU.Build.0 = Release|Any CPU
		{C9AA3E5C-D2F6-4956-86A8-04B434F70252}.Release|x64.ActiveCfg = Release|Any CPU
		{C9AA3E5C-D2F6-4956-86A8-04B434F70252}.Release|x64.Build.0 = Release|Any CPU
		{C9AA3E5C-D2F6-4956-86A8-04B434F70252}.Release|x86.ActiveCfg = Release|Any CPU
		{C9AA3E5C-D2F6-4956-86A8-04B434F70252}.Release|x86.Build.0 = Release|Any CPU
		{FC961412-A10C-4A77-BA31-E8C03BC77239}.Debug|Any CPU.ActiveCfg = Debug|Any CPU
		{FC961412-A10C-4A77-BA31-E8C03BC77239}.Debug|Any CPU.Build.0 = Debug|Any CPU
		{FC961412-A10C-4A77-BA31-E8C03BC77239}.Debug|x64.ActiveCfg = Debug|Any CPU
		{FC961412-A10C-4A77-BA31-E8C03BC77239}.Debug|x64.Build.0 = Debug|Any CPU
		{FC961412-A10C-4A77-BA31-E8C03BC77239}.Debug|x86.ActiveCfg = Debug|Any CPU
		{FC961412-A10C-4A77-BA31-E8C03BC77239}.Debug|x86.Build.0 = Debug|Any CPU
		{FC961412-A10C-4A77-BA31-E8C03BC77239}.Release|Any CPU.ActiveCfg = Release|Any CPU
		{FC961412-A10C-4A77-BA31-E8C03BC77239}.Release|Any CPU.Build.0 = Release|Any CPU
		{FC961412-A10C-4A77-BA31-E8C03BC77239}.Release|x64.ActiveCfg = Release|Any CPU
		{FC961412-A10C-4A77-BA31-E8C03BC77239}.Release|x64.Build.0 = Release|Any CPU
		{FC961412-A10C-4A77-BA31-E8C03BC77239}.Release|x86.ActiveCfg = Release|Any CPU
		{FC961412-A10C-4A77-BA31-E8C03BC77239}.Release|x86.Build.0 = Release|Any CPU
	EndGlobalSection
	GlobalSection(SolutionProperties) = preSolution
		HideSolutionNode = FALSE
	EndGlobalSection
	GlobalSection(NestedProjects) = preSolution
		{9ED238A0-938C-9A3F-DDEA-9079E74DEC51} = {827E0CD3-B72D-47B6-A68D-7590B98EB39B}
		{21FEDF09-33F8-4F39-94ED-B31EAAFD1C35} = {9ED238A0-938C-9A3F-DDEA-9079E74DEC51}
		{A6DDB72C-58AD-4C77-B977-2C97C06CD4BE} = {9ED238A0-938C-9A3F-DDEA-9079E74DEC51}
		{B63F620D-D3E6-4174-8238-06452FF7F15C} = {9ED238A0-938C-9A3F-DDEA-9079E74DEC51}
		{1DA7C383-1691-4AB6-9B1E-1AC10B18056A} = {9ED238A0-938C-9A3F-DDEA-9079E74DEC51}
		{8B290487-4C16-E85E-E807-F579CBE9FC4D} = {827E0CD3-B72D-47B6-A68D-7590B98EB39B}
		{CAF99DA5-844B-41B2-A7EF-326FE241BBD4} = {8B290487-4C16-E85E-E807-F579CBE9FC4D}
		{22BAF98C-8415-17C4-B26A-D537657BC863} = {827E0CD3-B72D-47B6-A68D-7590B98EB39B}
		{52A9D0B6-C870-4C46-988F-083235A2D35A} = {22BAF98C-8415-17C4-B26A-D537657BC863}
		{9048EB7F-3875-A59E-E36B-5BD4C6F2A282} = {827E0CD3-B72D-47B6-A68D-7590B98EB39B}
		{C9AA3E5C-D2F6-4956-86A8-04B434F70252} = {9048EB7F-3875-A59E-E36B-5BD4C6F2A282}
		{48FE8D8C-CB1D-E0AC-1871-64C1BA175A04} = {827E0CD3-B72D-47B6-A68D-7590B98EB39B}
		{FC961412-A10C-4A77-BA31-E8C03BC77239} = {48FE8D8C-CB1D-E0AC-1871-64C1BA175A04}
	EndGlobalSection
EndGlobal
