
Microsoft Visual Studio Solution File, Format Version 12.00
# Visual Studio Version 17
VisualStudioVersion = 17.0.31903.59
MinimumVisualStudioVersion = 10.0.40219.1
Project("{2150E333-8FDC-42A3-9474-1A3956D46DE8}") = "src", "src", "{827E0CD3-B72D-47B6-A68D-7590B98EB39B}"
EndProject
Project("{FAE04EC0-301F-11D3-BF4B-00C04F79EFBC}") = "InspectionWorker", "src\InspectionWorker\InspectionWorker.csproj", "{7D3021CC-ACC4-4F7A-8DC5-2AFAD4CFF89F}"
EndProject
Project("{FAE04EC0-301F-11D3-BF4B-00C04F79EFBC}") = "InspectionWorker.Application", "src\InspectionWorker.Application\InspectionWorker.Application.csproj", "{AAA74E87-F777-41BA-A695-0AA2AB8AE7F2}"
EndProject
Project("{FAE04EC0-301F-11D3-BF4B-00C04F79EFBC}") = "InspectionWorker.Infrastructure", "src\InspectionWorker.Infrastructure\InspectionWorker.Infrastructure.csproj", "{36E5D54C-2CCE-48F3-85B6-6938F51C127E}"
EndProject
Project("{FAE04EC0-301F-11D3-BF4B-00C04F79EFBC}") = "InspectionWorker.Domain", "src\InspectionWorker.Domain\InspectionWorker.Domain.csproj", "{3ECA0B15-BC35-4665-88F0-0B3AE828D772}"
EndProject
Project("{2150E333-8FDC-42A3-9474-1A3956D46DE8}") = "tests", "tests", "{0AB3BF05-4346-4AA6-1389-037BE0695223}"
EndProject
Project("{FAE04EC0-301F-11D3-BF4B-00C04F79EFBC}") = "InspectionWorker.Tests", "tests\InspectionWorker.Tests\InspectionWorker.Tests.csproj", "{998427A2-CAFA-4371-AD63-0C03671E8438}"
EndProject
Global
	GlobalSection(SolutionConfigurationPlatforms) = preSolution
		Debug|Any CPU = Debug|Any CPU
		Debug|x64 = Debug|x64
		Debug|x86 = Debug|x86
		Release|Any CPU = Release|Any CPU
		Release|x64 = Release|x64
		Release|x86 = Release|x86
	EndGlobalSection
	GlobalSection(ProjectConfigurationPlatforms) = postSolution
		{7D3021CC-ACC4-4F7A-8DC5-2AFAD4CFF89F}.Debug|Any CPU.ActiveCfg = Debug|Any CPU
		{7D3021CC-ACC4-4F7A-8DC5-2AFAD4CFF89F}.Debug|Any CPU.Build.0 = Debug|Any CPU
		{7D3021CC-ACC4-4F7A-8DC5-2AFAD4CFF89F}.Debug|x64.ActiveCfg = Debug|Any CPU
		{7D3021CC-ACC4-4F7A-8DC5-2AFAD4CFF89F}.Debug|x64.Build.0 = Debug|Any CPU
		{7D3021CC-ACC4-4F7A-8DC5-2AFAD4CFF89F}.Debug|x86.ActiveCfg = Debug|Any CPU
		{7D3021CC-ACC4-4F7A-8DC5-2AFAD4CFF89F}.Debug|x86.Build.0 = Debug|Any CPU
		{7D3021CC-ACC4-4F7A-8DC5-2AFAD4CFF89F}.Release|Any CPU.ActiveCfg = Release|Any CPU
		{7D3021CC-ACC4-4F7A-8DC5-2AFAD4CFF89F}.Release|Any CPU.Build.0 = Release|Any CPU
		{7D3021CC-ACC4-4F7A-8DC5-2AFAD4CFF89F}.Release|x64.ActiveCfg = Release|Any CPU
		{7D3021CC-ACC4-4F7A-8DC5-2AFAD4CFF89F}.Release|x64.Build.0 = Release|Any CPU
		{7D3021CC-ACC4-4F7A-8DC5-2AFAD4CFF89F}.Release|x86.ActiveCfg = Release|Any CPU
		{7D3021CC-ACC4-4F7A-8DC5-2AFAD4CFF89F}.Release|x86.Build.0 = Release|Any CPU
		{AAA74E87-F777-41BA-A695-0AA2AB8AE7F2}.Debug|Any CPU.ActiveCfg = Debug|Any CPU
		{AAA74E87-F777-41BA-A695-0AA2AB8AE7F2}.Debug|Any CPU.Build.0 = Debug|Any CPU
		{AAA74E87-F777-41BA-A695-0AA2AB8AE7F2}.Debug|x64.ActiveCfg = Debug|Any CPU
		{AAA74E87-F777-41BA-A695-0AA2AB8AE7F2}.Debug|x64.Build.0 = Debug|Any CPU
		{AAA74E87-F777-41BA-A695-0AA2AB8AE7F2}.Debug|x86.ActiveCfg = Debug|Any CPU
		{AAA74E87-F777-41BA-A695-0AA2AB8AE7F2}.Debug|x86.Build.0 = Debug|Any CPU
		{AAA74E87-F777-41BA-A695-0AA2AB8AE7F2}.Release|Any CPU.ActiveCfg = Release|Any CPU
		{AAA74E87-F777-41BA-A695-0AA2AB8AE7F2}.Release|Any CPU.Build.0 = Release|Any CPU
		{AAA74E87-F777-41BA-A695-0AA2AB8AE7F2}.Release|x64.ActiveCfg = Release|Any CPU
		{AAA74E87-F777-41BA-A695-0AA2AB8AE7F2}.Release|x64.Build.0 = Release|Any CPU
		{AAA74E87-F777-41BA-A695-0AA2AB8AE7F2}.Release|x86.ActiveCfg = Release|Any CPU
		{AAA74E87-F777-41BA-A695-0AA2AB8AE7F2}.Release|x86.Build.0 = Release|Any CPU
		{36E5D54C-2CCE-48F3-85B6-6938F51C127E}.Debug|Any CPU.ActiveCfg = Debug|Any CPU
		{36E5D54C-2CCE-48F3-85B6-6938F51C127E}.Debug|Any CPU.Build.0 = Debug|Any CPU
		{36E5D54C-2CCE-48F3-85B6-6938F51C127E}.Debug|x64.ActiveCfg = Debug|Any CPU
		{36E5D54C-2CCE-48F3-85B6-6938F51C127E}.Debug|x64.Build.0 = Debug|Any CPU
		{36E5D54C-2CCE-48F3-85B6-6938F51C127E}.Debug|x86.ActiveCfg = Debug|Any CPU
		{36E5D54C-2CCE-48F3-85B6-6938F51C127E}.Debug|x86.Build.0 = Debug|Any CPU
		{36E5D54C-2CCE-48F3-85B6-6938F51C127E}.Release|Any CPU.ActiveCfg = Release|Any CPU
		{36E5D54C-2CCE-48F3-85B6-6938F51C127E}.Release|Any CPU.Build.0 = Release|Any CPU
		{36E5D54C-2CCE-48F3-85B6-6938F51C127E}.Release|x64.ActiveCfg = Release|Any CPU
		{36E5D54C-2CCE-48F3-85B6-6938F51C127E}.Release|x64.Build.0 = Release|Any CPU
		{36E5D54C-2CCE-48F3-85B6-6938F51C127E}.Release|x86.ActiveCfg = Release|Any CPU
		{36E5D54C-2CCE-48F3-85B6-6938F51C127E}.Release|x86.Build.0 = Release|Any CPU
		{3ECA0B15-BC35-4665-88F0-0B3AE828D772}.Debug|Any CPU.ActiveCfg = Debug|Any CPU
		{3ECA0B15-BC35-4665-88F0-0B3AE828D772}.Debug|Any CPU.Build.0 = Debug|Any CPU
		{3ECA0B15-BC35-4665-88F0-0B3AE828D772}.Debug|x64.ActiveCfg = Debug|Any CPU
		{3ECA0B15-BC35-4665-88F0-0B3AE828D772}.Debug|x64.Build.0 = Debug|Any CPU
		{3ECA0B15-BC35-4665-88F0-0B3AE828D772}.Debug|x86.ActiveCfg = Debug|Any CPU
		{3ECA0B15-BC35-4665-88F0-0B3AE828D772}.Debug|x86.Build.0 = Debug|Any CPU
		{3ECA0B15-BC35-4665-88F0-0B3AE828D772}.Release|Any CPU.ActiveCfg = Release|Any CPU
		{3ECA0B15-BC35-4665-88F0-0B3AE828D772}.Release|Any CPU.Build.0 = Release|Any CPU
		{3ECA0B15-BC35-4665-88F0-0B3AE828D772}.Release|x64.ActiveCfg = Release|Any CPU
		{3ECA0B15-BC35-4665-88F0-0B3AE828D772}.Release|x64.Build.0 = Release|Any CPU
		{3ECA0B15-BC35-4665-88F0-0B3AE828D772}.Release|x86.ActiveCfg = Release|Any CPU
		{3ECA0B15-BC35-4665-88F0-0B3AE828D772}.Release|x86.Build.0 = Release|Any CPU
		{998427A2-CAFA-4371-AD63-0C03671E8438}.Debug|Any CPU.ActiveCfg = Debug|Any CPU
		{998427A2-CAFA-4371-AD63-0C03671E8438}.Debug|Any CPU.Build.0 = Debug|Any CPU
		{998427A2-CAFA-4371-AD63-0C03671E8438}.Debug|x64.ActiveCfg = Debug|Any CPU
		{998427A2-CAFA-4371-AD63-0C03671E8438}.Debug|x64.Build.0 = Debug|Any CPU
		{998427A2-CAFA-4371-AD63-0C03671E8438}.Debug|x86.ActiveCfg = Debug|Any CPU
		{998427A2-CAFA-4371-AD63-0C03671E8438}.Debug|x86.Build.0 = Debug|Any CPU
		{998427A2-CAFA-4371-AD63-0C03671E8438}.Release|Any CPU.ActiveCfg = Release|Any CPU
		{998427A2-CAFA-4371-AD63-0C03671E8438}.Release|Any CPU.Build.0 = Release|Any CPU
		{998427A2-CAFA-4371-AD63-0C03671E8438}.Release|x64.ActiveCfg = Release|Any CPU
		{998427A2-CAFA-4371-AD63-0C03671E8438}.Release|x64.Build.0 = Release|Any CPU
		{998427A2-CAFA-4371-AD63-0C03671E8438}.Release|x86.ActiveCfg = Release|Any CPU
		{998427A2-CAFA-4371-AD63-0C03671E8438}.Release|x86.Build.0 = Release|Any CPU
	EndGlobalSection
	GlobalSection(SolutionProperties) = preSolution
		HideSolutionNode = FALSE
	EndGlobalSection
	GlobalSection(NestedProjects) = preSolution
		{7D3021CC-ACC4-4F7A-8DC5-2AFAD4CFF89F} = {827E0CD3-B72D-47B6-A68D-7590B98EB39B}
		{AAA74E87-F777-41BA-A695-0AA2AB8AE7F2} = {827E0CD3-B72D-47B6-A68D-7590B98EB39B}
		{36E5D54C-2CCE-48F3-85B6-6938F51C127E} = {827E0CD3-B72D-47B6-A68D-7590B98EB39B}
		{3ECA0B15-BC35-4665-88F0-0B3AE828D772} = {827E0CD3-B72D-47B6-A68D-7590B98EB39B}
		{998427A2-CAFA-4371-AD63-0C03671E8438} = {0AB3BF05-4346-4AA6-1389-037BE0695223}
	EndGlobalSection
EndGlobal
